
Microsoft Visual Studio Solution File, Format Version 12.00
# Visual Studio Version 17
VisualStudioVersion = 17.9.34622.214
MinimumVisualStudioVersion = 10.0.40219.1
Project("{9A19103F-16F7-4668-BE54-9A1E7A4F7556}") = "EF_Core_DB_First", "EF_Core_DB_First\EF_Core_DB_First.csproj", "{4AC817E5-9158-47AD-B834-115A8C4941FE}"
EndProject
Project("{FAE04EC0-301F-11D3-BF4B-00C04F79EFBC}") = "EF_Core_Code_First", "EF_Core_Code_First\EF_Core_Code_First.csproj", "{E47E50A5-C4A1-4A54-9C64-04AD573EBB09}"
EndProject
Global
	GlobalSection(SolutionConfigurationPlatforms) = preSolution
		Debug|Any CPU = Debug|Any CPU
		Release|Any CPU = Release|Any CPU
	EndGlobalSection
	GlobalSection(ProjectConfigurationPlatforms) = postSolution
		{4AC817E5-9158-47AD-B834-115A8C4941FE}.Debug|Any CPU.ActiveCfg = Debug|Any CPU
		{4AC817E5-9158-47AD-B834-115A8C4941FE}.Debug|Any CPU.Build.0 = Debug|Any CPU
		{4AC817E5-9158-47AD-B834-115A8C4941FE}.Release|Any CPU.ActiveCfg = Release|Any CPU
		{4AC817E5-9158-47AD-B834-115A8C4941FE}.Release|Any CPU.Build.0 = Release|Any CPU
		{E47E50A5-C4A1-4A54-9C64-04AD573EBB09}.Debug|Any CPU.ActiveCfg = Debug|Any CPU
		{E47E50A5-C4A1-4A54-9C64-04AD573EBB09}.Debug|Any CPU.Build.0 = Debug|Any CPU
		{E47E50A5-C4A1-4A54-9C64-04AD573EBB09}.Release|Any CPU.ActiveCfg = Release|Any CPU
		{E47E50A5-C4A1-4A54-9C64-04AD573EBB09}.Release|Any CPU.Build.0 = Release|Any CPU
	EndGlobalSection
	GlobalSection(SolutionProperties) = preSolution
		HideSolutionNode = FALSE
	EndGlobalSection
	GlobalSection(ExtensibilityGlobals) = postSolution
		SolutionGuid = {C31248DE-A4BC-471F-B06A-D23654B09BED}
	EndGlobalSection
EndGlobal
