
Microsoft Visual Studio Solution File, Format Version 12.00
# Visual Studio Version 17
VisualStudioVersion = 17.9.34622.214
MinimumVisualStudioVersion = 10.0.40219.1
Project("{FAE04EC0-301F-11D3-BF4B-00C04F79EFBC}") = "UserManagmentSQL", "UserManagmentSQL.csproj", "{44058C57-CA77-4CF9-9BE6-2251072565EB}"
EndProject
Global
	GlobalSection(SolutionConfigurationPlatforms) = preSolution
		Debug|Any CPU = Debug|Any CPU
		Release|Any CPU = Release|Any CPU
	EndGlobalSection
	GlobalSection(ProjectConfigurationPlatforms) = postSolution
		{44058C57-CA77-4CF9-9BE6-2251072565EB}.Debug|Any CPU.ActiveCfg = Debug|Any CPU
		{44058C57-CA77-4CF9-9BE6-2251072565EB}.Debug|Any CPU.Build.0 = Debug|Any CPU
		{44058C57-CA77-4CF9-9BE6-2251072565EB}.Release|Any CPU.ActiveCfg = Release|Any CPU
		{44058C57-CA77-4CF9-9BE6-2251072565EB}.Release|Any CPU.Build.0 = Release|Any CPU
	EndGlobalSection
	GlobalSection(SolutionProperties) = preSolution
		HideSolutionNode = FALSE
	EndGlobalSection
	GlobalSection(ExtensibilityGlobals) = postSolution
		SolutionGuid = {1A1B5D18-D22F-4925-9F8B-D9FCA19FF404}
	EndGlobalSection
EndGlobal
